
Microsoft Visual Studio Solution File, Format Version 12.00
# Visual Studio Version 17
VisualStudioVersion = 17.5.002.0
MinimumVisualStudioVersion = 10.0.40219.1
Project("{9A19103F-16F7-4668-BE54-9A1E7A4F7556}") = "SignalRChat", "SignalRChat\SignalRChat.csproj", "{D79AB41A-1EA4-426A-B230-DA7069E5C51C}"
EndProject
Global
	GlobalSection(SolutionConfigurationPlatforms) = preSolution
		Debug|Any CPU = Debug|Any CPU
		Release|Any CPU = Release|Any CPU
	EndGlobalSection
	GlobalSection(ProjectConfigurationPlatforms) = postSolution
		{D79AB41A-1EA4-426A-B230-DA7069E5C51C}.Debug|Any CPU.ActiveCfg = Debug|Any CPU
		{D79AB41A-1EA4-426A-B230-DA7069E5C51C}.Debug|Any CPU.Build.0 = Debug|Any CPU
		{D79AB41A-1EA4-426A-B230-DA7069E5C51C}.Release|Any CPU.ActiveCfg = Release|Any CPU
		{D79AB41A-1EA4-426A-B230-DA7069E5C51C}.Release|Any CPU.Build.0 = Release|Any CPU
	EndGlobalSection
	GlobalSection(SolutionProperties) = preSolution
		HideSolutionNode = FALSE
	EndGlobalSection
	GlobalSection(ExtensibilityGlobals) = postSolution
		SolutionGuid = {5D711480-F1E5-4B85-9947-755B3F876008}
	EndGlobalSection
EndGlobal
